{
  "name": "vite-landing-project",
  "version": "1.0.0",
  "lockfileVersion": 3,
  "requires": true,
  "packages": {
    "": {
      "name": "vite-landing-project",
      "version": "1.0.0",
      "license": "ISC",
      "dependencies": {
        "@glidejs/glide": "^3.7.1",
        "jquery": "^3.7.1"
      }
    },
    "node_modules/@glidejs/glide": {
      "version": "3.7.1",
      "resolved": "https://registry.npmjs.org/@glidejs/glide/-/glide-3.7.1.tgz",
      "integrity": "sha512-8he0pZpLSqTesSFYiuWdhBmtdlYSPWxfPUCKtkkiX6ZmT8UdMdmoFPtJaOwLBXv4p2JiGxqbuPdiRGGo2e/htQ==",
      "license": "MIT"
    },
    "node_modules/jquery": {
      "version": "3.7.1",
      "resolved": "https://registry.npmjs.org/jquery/-/jquery-3.7.1.tgz",
      "integrity": "sha512-m4avr8yL8kmFN8psrbFFFmB/If14iN5o9nw/NgnnM+kybDJpRsAynV2BsfpTYrTRysYUdADVD7CkUUizgkpLfg==",
      "license": "MIT"
    }
  }
}
